
Microsoft Visual Studio Solution File, Format Version 11.00
# Visual Studio 2010
Project("{FAE04EC0-301F-11D3-BF4B-00C04F79EFBC}") = "LinkedListSpike", "LinkedListSpike\LinkedListSpike.csproj", "{B0C2033C-78D5-4611-90BD-33333222D827}"
EndProject
Project("{FAE04EC0-301F-11D3-BF4B-00C04F79EFBC}") = "ConcurrentLinkedList", "ConcurrentLinkedList\ConcurrentLinkedList.csproj", "{C4A658FA-0CA8-44A1-BC0E-4299A7649FE5}"
EndProject
Project("{FAE04EC0-301F-11D3-BF4B-00C04F79EFBC}") = "ConcurrentLinkedList.Test", "ConcurrentLinkedList.Test\ConcurrentLinkedList.Test.csproj", "{0BC14114-4DBD-4B1F-A4A5-D5A219DBE98A}"
EndProject
Project("{2150E333-8FDC-42A3-9474-1A3956D46DE8}") = "Solution Items", "Solution Items", "{D5E5FD97-C9E5-4035-8C89-605B4D09EDD9}"
	ProjectSection(SolutionItems) = preProject
		LinkedListSpike.vsmdi = LinkedListSpike.vsmdi
		Local.testsettings = Local.testsettings
		TraceAndTestImpact.testsettings = TraceAndTestImpact.testsettings
	EndProjectSection
EndProject
Global
	GlobalSection(TestCaseManagementSettings) = postSolution
		CategoryFile = LinkedListSpike.vsmdi
	EndGlobalSection
	GlobalSection(SolutionConfigurationPlatforms) = preSolution
		Debug|Any CPU = Debug|Any CPU
		Debug|Mixed Platforms = Debug|Mixed Platforms
		Debug|x86 = Debug|x86
		Release|Any CPU = Release|Any CPU
		Release|Mixed Platforms = Release|Mixed Platforms
		Release|x86 = Release|x86
	EndGlobalSection
	GlobalSection(ProjectConfigurationPlatforms) = postSolution
		{B0C2033C-78D5-4611-90BD-33333222D827}.Debug|Any CPU.ActiveCfg = Debug|x86
		{B0C2033C-78D5-4611-90BD-33333222D827}.Debug|Mixed Platforms.ActiveCfg = Debug|x86
		{B0C2033C-78D5-4611-90BD-33333222D827}.Debug|Mixed Platforms.Build.0 = Debug|x86
		{B0C2033C-78D5-4611-90BD-33333222D827}.Debug|x86.ActiveCfg = Debug|x86
		{B0C2033C-78D5-4611-90BD-33333222D827}.Debug|x86.Build.0 = Debug|x86
		{B0C2033C-78D5-4611-90BD-33333222D827}.Release|Any CPU.ActiveCfg = Release|x86
		{B0C2033C-78D5-4611-90BD-33333222D827}.Release|Mixed Platforms.ActiveCfg = Release|x86
		{B0C2033C-78D5-4611-90BD-33333222D827}.Release|Mixed Platforms.Build.0 = Release|x86
		{B0C2033C-78D5-4611-90BD-33333222D827}.Release|x86.ActiveCfg = Release|x86
		{B0C2033C-78D5-4611-90BD-33333222D827}.Release|x86.Build.0 = Release|x86
		{C4A658FA-0CA8-44A1-BC0E-4299A7649FE5}.Debug|Any CPU.ActiveCfg = Debug|Any CPU
		{C4A658FA-0CA8-44A1-BC0E-4299A7649FE5}.Debug|Any CPU.Build.0 = Debug|Any CPU
		{C4A658FA-0CA8-44A1-BC0E-4299A7649FE5}.Debug|Mixed Platforms.ActiveCfg = Debug|Any CPU
		{C4A658FA-0CA8-44A1-BC0E-4299A7649FE5}.Debug|Mixed Platforms.Build.0 = Debug|Any CPU
		{C4A658FA-0CA8-44A1-BC0E-4299A7649FE5}.Debug|x86.ActiveCfg = Debug|Any CPU
		{C4A658FA-0CA8-44A1-BC0E-4299A7649FE5}.Release|Any CPU.ActiveCfg = Release|Any CPU
		{C4A658FA-0CA8-44A1-BC0E-4299A7649FE5}.Release|Any CPU.Build.0 = Release|Any CPU
		{C4A658FA-0CA8-44A1-BC0E-4299A7649FE5}.Release|Mixed Platforms.ActiveCfg = Release|Any CPU
		{C4A658FA-0CA8-44A1-BC0E-4299A7649FE5}.Release|Mixed Platforms.Build.0 = Release|Any CPU
		{C4A658FA-0CA8-44A1-BC0E-4299A7649FE5}.Release|x86.ActiveCfg = Release|Any CPU
		{0BC14114-4DBD-4B1F-A4A5-D5A219DBE98A}.Debug|Any CPU.ActiveCfg = Debug|Any CPU
		{0BC14114-4DBD-4B1F-A4A5-D5A219DBE98A}.Debug|Any CPU.Build.0 = Debug|Any CPU
		{0BC14114-4DBD-4B1F-A4A5-D5A219DBE98A}.Debug|Mixed Platforms.ActiveCfg = Debug|Any CPU
		{0BC14114-4DBD-4B1F-A4A5-D5A219DBE98A}.Debug|Mixed Platforms.Build.0 = Debug|Any CPU
		{0BC14114-4DBD-4B1F-A4A5-D5A219DBE98A}.Debug|x86.ActiveCfg = Debug|Any CPU
		{0BC14114-4DBD-4B1F-A4A5-D5A219DBE98A}.Release|Any CPU.ActiveCfg = Release|Any CPU
		{0BC14114-4DBD-4B1F-A4A5-D5A219DBE98A}.Release|Any CPU.Build.0 = Release|Any CPU
		{0BC14114-4DBD-4B1F-A4A5-D5A219DBE98A}.Release|Mixed Platforms.ActiveCfg = Release|Any CPU
		{0BC14114-4DBD-4B1F-A4A5-D5A219DBE98A}.Release|Mixed Platforms.Build.0 = Release|Any CPU
		{0BC14114-4DBD-4B1F-A4A5-D5A219DBE98A}.Release|x86.ActiveCfg = Release|Any CPU
	EndGlobalSection
	GlobalSection(SolutionProperties) = preSolution
		HideSolutionNode = FALSE
	EndGlobalSection
EndGlobal
